
Microsoft Visual Studio Solution File, Format Version 12.00
# Visual Studio Version 17
VisualStudioVersion = 17.3.32825.248
MinimumVisualStudioVersion = 10.0.40219.1
Project("{FAE04EC0-301F-11D3-BF4B-00C04F79EFBC}") = "app-api", "app-api.csproj", "{ED5B8F5C-07CD-4781-AD94-D9612AB63FE7}"
EndProject
Global
	GlobalSection(SolutionConfigurationPlatforms) = preSolution
		Debug|Any CPU = Debug|Any CPU
		Release|Any CPU = Release|Any CPU
	EndGlobalSection
	GlobalSection(ProjectConfigurationPlatforms) = postSolution
		{ED5B8F5C-07CD-4781-AD94-D9612AB63FE7}.Debug|Any CPU.ActiveCfg = Debug|Any CPU
		{ED5B8F5C-07CD-4781-AD94-D9612AB63FE7}.Debug|Any CPU.Build.0 = Debug|Any CPU
		{ED5B8F5C-07CD-4781-AD94-D9612AB63FE7}.Release|Any CPU.ActiveCfg = Release|Any CPU
		{ED5B8F5C-07CD-4781-AD94-D9612AB63FE7}.Release|Any CPU.Build.0 = Release|Any CPU
	EndGlobalSection
	GlobalSection(SolutionProperties) = preSolution
		HideSolutionNode = FALSE
	EndGlobalSection
	GlobalSection(ExtensibilityGlobals) = postSolution
		SolutionGuid = {D72F92B8-19BF-456A-92A4-42BAA7C5B5E5}
	EndGlobalSection
EndGlobal
